pillow (Pillow==2.5.3)
ipython (ipython==2.2.0)
  gnureadline (gnureadline==6.3.3)
markupsafe (MarkupSafe==0.23)
certifi (certifi==14.05.14)
gnureadline (gnureadline==6.3.3)
matplotlib (matplotlib==1.4.0)
  six (six==1.7.3)
  nose (nose==1.3.4)
  numpy (numpy==1.8.2)
  python-dateutil (python-dateutil==2.2)
    six (six==1.7.3)
    six (six==1.7.3)
  mock (mock==1.0.1)
  pyparsing (pyparsing==2.0.2)
nose (nose==1.3.4)
numpy (numpy==1.8.2)
pyparsing (pyparsing==2.0.2)
python-dateutil (python-dateutil==2.2)
  six (six==1.7.3)
  six (six==1.7.3)
pyzmq (pyzmq==14.3.1)
scipy (scipy==0.14.0)
six (six==1.7.3)
jinja2 (Jinja2==2.7.3)
  markupsafe (MarkupSafe==0.23)
tornado (tornado==4.0.1)
  certifi (certifi==14.05.14)
  backports.ssl-match-hostname (backports.ssl-match-hostname==3.4.0.2)
